
Microsoft Visual Studio Solution File, Format Version 12.00
# Visual Studio Version 17
VisualStudioVersion = 17.4.33122.133
MinimumVisualStudioVersion = 10.0.40219.1
Project("{FAE04EC0-301F-11D3-BF4B-00C04F79EFBC}") = "Restauracja.Web", "Restauracja.Web\Restauracja.Web.csproj", "{8527BDFE-397A-4E9C-BB5B-4D159C28FC7B}"
EndProject
Project("{2150E333-8FDC-42A3-9474-1A3956D46DE8}") = "Frontend", "Frontend", "{FF2EB9EA-0BF0-41AF-A3B7-5FAA9E078C7D}"
EndProject
Project("{2150E333-8FDC-42A3-9474-1A3956D46DE8}") = "Services", "Services", "{935991E0-006D-4D3D-B8E4-518A7DE68DB6}"
EndProject
Project("{FAE04EC0-301F-11D3-BF4B-00C04F79EFBC}") = "Restauracja.Services.ProductApi", "Services\Restauracja.Services.ProductApi\Restauracja.Services.ProductApi.csproj", "{0B06494C-B226-4B0D-8076-5732A1B966EC}"
EndProject
Global
	GlobalSection(SolutionConfigurationPlatforms) = preSolution
		Debug|Any CPU = Debug|Any CPU
		Release|Any CPU = Release|Any CPU
	EndGlobalSection
	GlobalSection(ProjectConfigurationPlatforms) = postSolution
		{8527BDFE-397A-4E9C-BB5B-4D159C28FC7B}.Debug|Any CPU.ActiveCfg = Debug|Any CPU
		{8527BDFE-397A-4E9C-BB5B-4D159C28FC7B}.Debug|Any CPU.Build.0 = Debug|Any CPU
		{8527BDFE-397A-4E9C-BB5B-4D159C28FC7B}.Release|Any CPU.ActiveCfg = Release|Any CPU
		{8527BDFE-397A-4E9C-BB5B-4D159C28FC7B}.Release|Any CPU.Build.0 = Release|Any CPU
		{0B06494C-B226-4B0D-8076-5732A1B966EC}.Debug|Any CPU.ActiveCfg = Debug|Any CPU
		{0B06494C-B226-4B0D-8076-5732A1B966EC}.Debug|Any CPU.Build.0 = Debug|Any CPU
		{0B06494C-B226-4B0D-8076-5732A1B966EC}.Release|Any CPU.ActiveCfg = Release|Any CPU
		{0B06494C-B226-4B0D-8076-5732A1B966EC}.Release|Any CPU.Build.0 = Release|Any CPU
	EndGlobalSection
	GlobalSection(SolutionProperties) = preSolution
		HideSolutionNode = FALSE
	EndGlobalSection
	GlobalSection(NestedProjects) = preSolution
		{8527BDFE-397A-4E9C-BB5B-4D159C28FC7B} = {FF2EB9EA-0BF0-41AF-A3B7-5FAA9E078C7D}
		{0B06494C-B226-4B0D-8076-5732A1B966EC} = {935991E0-006D-4D3D-B8E4-518A7DE68DB6}
	EndGlobalSection
	GlobalSection(ExtensibilityGlobals) = postSolution
		SolutionGuid = {62F7F1D1-48AF-41B8-8FF6-F2B37CEAC79C}
	EndGlobalSection
EndGlobal
