
Microsoft Visual Studio Solution File, Format Version 12.00
# Visual Studio Version 17
VisualStudioVersion = 17.3.32929.385
MinimumVisualStudioVersion = 10.0.40219.1
Project("{2150E333-8FDC-42A3-9474-1A3956D46DE8}") = "Frontend", "Frontend", "{7A214808-0186-4FF6-94D0-161FFEDE14A2}"
EndProject
Project("{2150E333-8FDC-42A3-9474-1A3956D46DE8}") = "Services", "Services", "{5E5DB4A8-2A8A-4E5C-9EDA-A9A9E8C3C98B}"
EndProject
Project("{9A19103F-16F7-4668-BE54-9A1E7A4F7556}") = "Restauracja.Web", "Restauracja.Web\Restauracja.Web.csproj", "{608C65E2-49E7-46F8-AEE8-6DA3521B6252}"
EndProject
Project("{9A19103F-16F7-4668-BE54-9A1E7A4F7556}") = "Restauracja.Services.ProductApi", "Services\Restauracja.Services.ProductApi\Restauracja.Services.ProductApi.csproj", "{FAE5D587-60F7-41D6-B6BD-3D0E21970639}"
EndProject
Project("{9A19103F-16F7-4668-BE54-9A1E7A4F7556}") = "Restauracja.Services.IdentityServer", "Services\Restauracja.Services.IdentityServer\Restauracja.Services.IdentityServer.csproj", "{110DC007-DEF3-4AFF-BA44-7D9DAA882BAD}"
EndProject
Project("{9A19103F-16F7-4668-BE54-9A1E7A4F7556}") = "Restauracja.Services.ShoppingCartApi", "Services\Restauracja.Services.ShoppingCartApi\Restauracja.Services.ShoppingCartApi.csproj", "{C5A8645F-A20C-47F5-8DF9-E3AD685C8303}"
EndProject
Project("{2150E333-8FDC-42A3-9474-1A3956D46DE8}") = "Common", "Common", "{CA68AEFD-5C29-41F3-AF35-EBBFAF2F8A8A}"
EndProject
Project("{9A19103F-16F7-4668-BE54-9A1E7A4F7556}") = "Restauracja.Common", "Common\Restauracja.Common\Restauracja.Common.csproj", "{8F0D8207-AECB-4D0C-A8BB-51457FFEC015}"
EndProject
Project("{2150E333-8FDC-42A3-9474-1A3956D46DE8}") = "Solution Items", "Solution Items", "{120BCF06-347B-4ADF-8012-154458A49AE5}"
	ProjectSection(SolutionItems) = preProject
		.editorconfig = .editorconfig
	EndProjectSection
EndProject
Project("{9A19103F-16F7-4668-BE54-9A1E7A4F7556}") = "Restauracja.Services.CouponApi", "Services\Restauracja.Services.CouponApi\Restauracja.Services.CouponApi.csproj", "{61D894FC-FD84-4DE1-B96B-96176E9A52C0}"
EndProject
Project("{FAE04EC0-301F-11D3-BF4B-00C04F79EFBC}") = "Restauracja.Services.OrderApi", "Services\Restauracja.Services.OrderApi\Restauracja.Services.OrderApi.csproj", "{4C647B62-02E5-41D7-B65F-DDBD9BB7ED05}"
EndProject
Project("{FAE04EC0-301F-11D3-BF4B-00C04F79EFBC}") = "Restauracja.MessageBus", "Common\Restauracja.MessageBus\Restauracja.MessageBus.csproj", "{BFBE920B-357A-4681-AB16-5E00D85E3A42}"
EndProject
Global
	GlobalSection(SolutionConfigurationPlatforms) = preSolution
		Debug|Any CPU = Debug|Any CPU
		Release|Any CPU = Release|Any CPU
	EndGlobalSection
	GlobalSection(ProjectConfigurationPlatforms) = postSolution
		{608C65E2-49E7-46F8-AEE8-6DA3521B6252}.Debug|Any CPU.ActiveCfg = Debug|Any CPU
		{608C65E2-49E7-46F8-AEE8-6DA3521B6252}.Debug|Any CPU.Build.0 = Debug|Any CPU
		{608C65E2-49E7-46F8-AEE8-6DA3521B6252}.Release|Any CPU.ActiveCfg = Release|Any CPU
		{608C65E2-49E7-46F8-AEE8-6DA3521B6252}.Release|Any CPU.Build.0 = Release|Any CPU
		{FAE5D587-60F7-41D6-B6BD-3D0E21970639}.Debug|Any CPU.ActiveCfg = Debug|Any CPU
		{FAE5D587-60F7-41D6-B6BD-3D0E21970639}.Debug|Any CPU.Build.0 = Debug|Any CPU
		{FAE5D587-60F7-41D6-B6BD-3D0E21970639}.Release|Any CPU.ActiveCfg = Release|Any CPU
		{FAE5D587-60F7-41D6-B6BD-3D0E21970639}.Release|Any CPU.Build.0 = Release|Any CPU
		{110DC007-DEF3-4AFF-BA44-7D9DAA882BAD}.Debug|Any CPU.ActiveCfg = Debug|Any CPU
		{110DC007-DEF3-4AFF-BA44-7D9DAA882BAD}.Debug|Any CPU.Build.0 = Debug|Any CPU
		{110DC007-DEF3-4AFF-BA44-7D9DAA882BAD}.Release|Any CPU.ActiveCfg = Release|Any CPU
		{110DC007-DEF3-4AFF-BA44-7D9DAA882BAD}.Release|Any CPU.Build.0 = Release|Any CPU
		{C5A8645F-A20C-47F5-8DF9-E3AD685C8303}.Debug|Any CPU.ActiveCfg = Debug|Any CPU
		{C5A8645F-A20C-47F5-8DF9-E3AD685C8303}.Debug|Any CPU.Build.0 = Debug|Any CPU
		{C5A8645F-A20C-47F5-8DF9-E3AD685C8303}.Release|Any CPU.ActiveCfg = Release|Any CPU
		{C5A8645F-A20C-47F5-8DF9-E3AD685C8303}.Release|Any CPU.Build.0 = Release|Any CPU
		{8F0D8207-AECB-4D0C-A8BB-51457FFEC015}.Debug|Any CPU.ActiveCfg = Debug|Any CPU
		{8F0D8207-AECB-4D0C-A8BB-51457FFEC015}.Debug|Any CPU.Build.0 = Debug|Any CPU
		{8F0D8207-AECB-4D0C-A8BB-51457FFEC015}.Release|Any CPU.ActiveCfg = Release|Any CPU
		{8F0D8207-AECB-4D0C-A8BB-51457FFEC015}.Release|Any CPU.Build.0 = Release|Any CPU
		{61D894FC-FD84-4DE1-B96B-96176E9A52C0}.Debug|Any CPU.ActiveCfg = Debug|Any CPU
		{61D894FC-FD84-4DE1-B96B-96176E9A52C0}.Debug|Any CPU.Build.0 = Debug|Any CPU
		{61D894FC-FD84-4DE1-B96B-96176E9A52C0}.Release|Any CPU.ActiveCfg = Release|Any CPU
		{61D894FC-FD84-4DE1-B96B-96176E9A52C0}.Release|Any CPU.Build.0 = Release|Any CPU
		{4C647B62-02E5-41D7-B65F-DDBD9BB7ED05}.Debug|Any CPU.ActiveCfg = Debug|Any CPU
		{4C647B62-02E5-41D7-B65F-DDBD9BB7ED05}.Debug|Any CPU.Build.0 = Debug|Any CPU
		{4C647B62-02E5-41D7-B65F-DDBD9BB7ED05}.Release|Any CPU.ActiveCfg = Release|Any CPU
		{4C647B62-02E5-41D7-B65F-DDBD9BB7ED05}.Release|Any CPU.Build.0 = Release|Any CPU
		{BFBE920B-357A-4681-AB16-5E00D85E3A42}.Debug|Any CPU.ActiveCfg = Debug|Any CPU
		{BFBE920B-357A-4681-AB16-5E00D85E3A42}.Debug|Any CPU.Build.0 = Debug|Any CPU
		{BFBE920B-357A-4681-AB16-5E00D85E3A42}.Release|Any CPU.ActiveCfg = Release|Any CPU
		{BFBE920B-357A-4681-AB16-5E00D85E3A42}.Release|Any CPU.Build.0 = Release|Any CPU
	EndGlobalSection
	GlobalSection(SolutionProperties) = preSolution
		HideSolutionNode = FALSE
	EndGlobalSection
	GlobalSection(NestedProjects) = preSolution
		{608C65E2-49E7-46F8-AEE8-6DA3521B6252} = {7A214808-0186-4FF6-94D0-161FFEDE14A2}
		{FAE5D587-60F7-41D6-B6BD-3D0E21970639} = {5E5DB4A8-2A8A-4E5C-9EDA-A9A9E8C3C98B}
		{110DC007-DEF3-4AFF-BA44-7D9DAA882BAD} = {5E5DB4A8-2A8A-4E5C-9EDA-A9A9E8C3C98B}
		{C5A8645F-A20C-47F5-8DF9-E3AD685C8303} = {5E5DB4A8-2A8A-4E5C-9EDA-A9A9E8C3C98B}
		{8F0D8207-AECB-4D0C-A8BB-51457FFEC015} = {CA68AEFD-5C29-41F3-AF35-EBBFAF2F8A8A}
		{61D894FC-FD84-4DE1-B96B-96176E9A52C0} = {5E5DB4A8-2A8A-4E5C-9EDA-A9A9E8C3C98B}
		{4C647B62-02E5-41D7-B65F-DDBD9BB7ED05} = {5E5DB4A8-2A8A-4E5C-9EDA-A9A9E8C3C98B}
		{BFBE920B-357A-4681-AB16-5E00D85E3A42} = {CA68AEFD-5C29-41F3-AF35-EBBFAF2F8A8A}
	EndGlobalSection
	GlobalSection(ExtensibilityGlobals) = postSolution
		SolutionGuid = {CC5B96B9-E0F5-4C53-AFAE-7F52E28C5950}
	EndGlobalSection
EndGlobal
